
Microsoft Visual Studio Solution File, Format Version 12.00
# Visual Studio Version 17
VisualStudioVersion = 17.8.34408.163
MinimumVisualStudioVersion = 10.0.40219.1
Project("{8BC9CEB8-8B4A-11D0-8D11-00A0C91BC942}") = "20240528-0900-Operator", "20240528-0900-Operator\20240528-0900-Operator.vcxproj", "{24E75ACF-A878-4AFF-96D8-8CA0F005E6CD}"
EndProject
Project("{8BC9CEB8-8B4A-11D0-8D11-00A0C91BC942}") = "20240528-0920-Operator", "20240528-0920-Operator\20240528-0920-Operator.vcxproj", "{64028E11-4B70-45A3-87F5-36BAB7D19C1F}"
EndProject
Project("{8BC9CEB8-8B4A-11D0-8D11-00A0C91BC942}") = "20240528-0925-Operator", "20240528-0925-Operator\20240528-0925-Operator.vcxproj", "{86F221D7-9DD1-4921-8F3D-F34D65C01DB3}"
EndProject
Project("{8BC9CEB8-8B4A-11D0-8D11-00A0C91BC942}") = "20240528-1020-Operator", "20240528-1020-Operator\20240528-1020-Operator.vcxproj", "{11850C48-BE58-47CA-A8EF-ADE48F82F92A}"
EndProject
Global
	GlobalSection(SolutionConfigurationPlatforms) = preSolution
		Debug|x64 = Debug|x64
		Debug|x86 = Debug|x86
		Release|x64 = Release|x64
		Release|x86 = Release|x86
	EndGlobalSection
	GlobalSection(ProjectConfigurationPlatforms) = postSolution
		{24E75ACF-A878-4AFF-96D8-8CA0F005E6CD}.Debug|x64.ActiveCfg = Debug|x64
		{24E75ACF-A878-4AFF-96D8-8CA0F005E6CD}.Debug|x64.Build.0 = Debug|x64
		{24E75ACF-A878-4AFF-96D8-8CA0F005E6CD}.Debug|x86.ActiveCfg = Debug|Win32
		{24E75ACF-A878-4AFF-96D8-8CA0F005E6CD}.Debug|x86.Build.0 = Debug|Win32
		{24E75ACF-A878-4AFF-96D8-8CA0F005E6CD}.Release|x64.ActiveCfg = Release|x64
		{24E75ACF-A878-4AFF-96D8-8CA0F005E6CD}.Release|x64.Build.0 = Release|x64
		{24E75ACF-A878-4AFF-96D8-8CA0F005E6CD}.Release|x86.ActiveCfg = Release|Win32
		{24E75ACF-A878-4AFF-96D8-8CA0F005E6CD}.Release|x86.Build.0 = Release|Win32
		{64028E11-4B70-45A3-87F5-36BAB7D19C1F}.Debug|x64.ActiveCfg = Debug|x64
		{64028E11-4B70-45A3-87F5-36BAB7D19C1F}.Debug|x64.Build.0 = Debug|x64
		{64028E11-4B70-45A3-87F5-36BAB7D19C1F}.Debug|x86.ActiveCfg = Debug|Win32
		{64028E11-4B70-45A3-87F5-36BAB7D19C1F}.Debug|x86.Build.0 = Debug|Win32
		{64028E11-4B70-45A3-87F5-36BAB7D19C1F}.Release|x64.ActiveCfg = Release|x64
		{64028E11-4B70-45A3-87F5-36BAB7D19C1F}.Release|x64.Build.0 = Release|x64
		{64028E11-4B70-45A3-87F5-36BAB7D19C1F}.Release|x86.ActiveCfg = Release|Win32
		{64028E11-4B70-45A3-87F5-36BAB7D19C1F}.Release|x86.Build.0 = Release|Win32
		{86F221D7-9DD1-4921-8F3D-F34D65C01DB3}.Debug|x64.ActiveCfg = Debug|x64
		{86F221D7-9DD1-4921-8F3D-F34D65C01DB3}.Debug|x64.Build.0 = Debug|x64
		{86F221D7-9DD1-4921-8F3D-F34D65C01DB3}.Debug|x86.ActiveCfg = Debug|Win32
		{86F221D7-9DD1-4921-8F3D-F34D65C01DB3}.Debug|x86.Build.0 = Debug|Win32
		{86F221D7-9DD1-4921-8F3D-F34D65C01DB3}.Release|x64.ActiveCfg = Release|x64
		{86F221D7-9DD1-4921-8F3D-F34D65C01DB3}.Release|x64.Build.0 = Release|x64
		{86F221D7-9DD1-4921-8F3D-F34D65C01DB3}.Release|x86.ActiveCfg = Release|Win32
		{86F221D7-9DD1-4921-8F3D-F34D65C01DB3}.Release|x86.Build.0 = Release|Win32
		{11850C48-BE58-47CA-A8EF-ADE48F82F92A}.Debug|x64.ActiveCfg = Debug|x64
		{11850C48-BE58-47CA-A8EF-ADE48F82F92A}.Debug|x64.Build.0 = Debug|x64
		{11850C48-BE58-47CA-A8EF-ADE48F82F92A}.Debug|x86.ActiveCfg = Debug|Win32
		{11850C48-BE58-47CA-A8EF-ADE48F82F92A}.Debug|x86.Build.0 = Debug|Win32
		{11850C48-BE58-47CA-A8EF-ADE48F82F92A}.Release|x64.ActiveCfg = Release|x64
		{11850C48-BE58-47CA-A8EF-ADE48F82F92A}.Release|x64.Build.0 = Release|x64
		{11850C48-BE58-47CA-A8EF-ADE48F82F92A}.Release|x86.ActiveCfg = Release|Win32
		{11850C48-BE58-47CA-A8EF-ADE48F82F92A}.Release|x86.Build.0 = Release|Win32
	EndGlobalSection
	GlobalSection(SolutionProperties) = preSolution
		HideSolutionNode = FALSE
	EndGlobalSection
	GlobalSection(ExtensibilityGlobals) = postSolution
		SolutionGuid = {052635AF-7142-4355-9354-18DF8F0A9C88}
	EndGlobalSection
EndGlobal
